beautifulsoup4==4.15.0
certifi==2026.6.17
cfgv==3.5.0
charset-normalizer==3.4.9
distlib==0.4.3
filelock==3.29.7
identify==2.6.19
idna==3.18
iniconfig==2.3.0
nodeenv==1.10.0
packaging==26.2
platformdirs==4.10.0
pluggy==1.6.0
pre_commit==4.6.0
Pygments==2.20.0
pytest==9.1.1
python-discovery==1.4.4
PyYAML==6.0.3
requests==2.34.2
ruff==0.15.21
soupsieve==2.8.4
typing_extensions==4.16.0
urllib3==2.7.0
virtualenv==21.6.1
